
Microsoft Visual Studio Solution File, Format Version 12.00
# Visual Studio Version 17
VisualStudioVersion = 17.4.33122.133
MinimumVisualStudioVersion = 10.0.40219.1
Project("{8BC9CEB8-8B4A-11D0-8D11-00A0C91BC942}") = "Project2", "Project2\Project2.vcxproj", "{EEDCF2EA-1D00-471A-BB3E-3536A8EB0A5F}"
EndProject
Project("{8BC9CEB8-8B4A-11D0-8D11-00A0C91BC942}") = "3task", "3task\3task.vcxproj", "{3A5708BB-F85A-453D-8DCE-AB5DF1C92D0E}"
EndProject
Global
	GlobalSection(SolutionConfigurationPlatforms) = preSolution
		Debug|x64 = Debug|x64
		Debug|x86 = Debug|x86
		Release|x64 = Release|x64
		Release|x86 = Release|x86
	EndGlobalSection
	GlobalSection(ProjectConfigurationPlatforms) = postSolution
		{EEDCF2EA-1D00-471A-BB3E-3536A8EB0A5F}.Debug|x64.ActiveCfg = Debug|x64
		{EEDCF2EA-1D00-471A-BB3E-3536A8EB0A5F}.Debug|x64.Build.0 = Debug|x64
		{EEDCF2EA-1D00-471A-BB3E-3536A8EB0A5F}.Debug|x86.ActiveCfg = Debug|Win32
		{EEDCF2EA-1D00-471A-BB3E-3536A8EB0A5F}.Debug|x86.Build.0 = Debug|Win32
		{EEDCF2EA-1D00-471A-BB3E-3536A8EB0A5F}.Release|x64.ActiveCfg = Release|x64
		{EEDCF2EA-1D00-471A-BB3E-3536A8EB0A5F}.Release|x64.Build.0 = Release|x64
		{EEDCF2EA-1D00-471A-BB3E-3536A8EB0A5F}.Release|x86.ActiveCfg = Release|Win32
		{EEDCF2EA-1D00-471A-BB3E-3536A8EB0A5F}.Release|x86.Build.0 = Release|Win32
		{3A5708BB-F85A-453D-8DCE-AB5DF1C92D0E}.Debug|x64.ActiveCfg = Debug|x64
		{3A5708BB-F85A-453D-8DCE-AB5DF1C92D0E}.Debug|x64.Build.0 = Debug|x64
		{3A5708BB-F85A-453D-8DCE-AB5DF1C92D0E}.Debug|x86.ActiveCfg = Debug|Win32
		{3A5708BB-F85A-453D-8DCE-AB5DF1C92D0E}.Debug|x86.Build.0 = Debug|Win32
		{3A5708BB-F85A-453D-8DCE-AB5DF1C92D0E}.Release|x64.ActiveCfg = Release|x64
		{3A5708BB-F85A-453D-8DCE-AB5DF1C92D0E}.Release|x64.Build.0 = Release|x64
		{3A5708BB-F85A-453D-8DCE-AB5DF1C92D0E}.Release|x86.ActiveCfg = Release|Win32
		{3A5708BB-F85A-453D-8DCE-AB5DF1C92D0E}.Release|x86.Build.0 = Release|Win32
	EndGlobalSection
	GlobalSection(SolutionProperties) = preSolution
		HideSolutionNode = FALSE
	EndGlobalSection
	GlobalSection(ExtensibilityGlobals) = postSolution
		SolutionGuid = {91CB0ADD-4C21-4FCD-BE98-083F11307CFE}
	EndGlobalSection
EndGlobal
